
Microsoft Visual Studio Solution File, Format Version 12.00
# Visual Studio Version 16
VisualStudioVersion = 16.0.31025.194
MinimumVisualStudioVersion = 10.0.40219.1
Project("{FAE04EC0-301F-11D3-BF4B-00C04F79EFBC}") = "gringer", "gringer\gringer.csproj", "{FAB8318D-9687-4792-9B5D-C100D330CDFF}"
EndProject
Global
	GlobalSection(SolutionConfigurationPlatforms) = preSolution
		Debug|Any CPU = Debug|Any CPU
		Release|Any CPU = Release|Any CPU
	EndGlobalSection
	GlobalSection(ProjectConfigurationPlatforms) = postSolution
		{FAB8318D-9687-4792-9B5D-C100D330CDFF}.Debug|Any CPU.ActiveCfg = Debug|Any CPU
		{FAB8318D-9687-4792-9B5D-C100D330CDFF}.Debug|Any CPU.Build.0 = Debug|Any CPU
		{FAB8318D-9687-4792-9B5D-C100D330CDFF}.Release|Any CPU.ActiveCfg = Release|Any CPU
		{FAB8318D-9687-4792-9B5D-C100D330CDFF}.Release|Any CPU.Build.0 = Release|Any CPU
	EndGlobalSection
	GlobalSection(SolutionProperties) = preSolution
		HideSolutionNode = FALSE
	EndGlobalSection
	GlobalSection(ExtensibilityGlobals) = postSolution
		SolutionGuid = {40E49145-EAEC-42FD-AF3E-E22C78CA45BA}
	EndGlobalSection
EndGlobal
