
Microsoft Visual Studio Solution File, Format Version 12.00
# Visual Studio Version 16
VisualStudioVersion = 16.0.31025.194
MinimumVisualStudioVersion = 10.0.40219.1
Project("{FAE04EC0-301F-11D3-BF4B-00C04F79EFBC}") = "gringer", "gringer\gringer.csproj", "{186B9B52-6647-4972-8B07-1F5CB689AA28}"
EndProject
Global
	GlobalSection(SolutionConfigurationPlatforms) = preSolution
		Debug|Any CPU = Debug|Any CPU
		Release|Any CPU = Release|Any CPU
	EndGlobalSection
	GlobalSection(ProjectConfigurationPlatforms) = postSolution
		{186B9B52-6647-4972-8B07-1F5CB689AA28}.Debug|Any CPU.ActiveCfg = Debug|Any CPU
		{186B9B52-6647-4972-8B07-1F5CB689AA28}.Debug|Any CPU.Build.0 = Debug|Any CPU
		{186B9B52-6647-4972-8B07-1F5CB689AA28}.Release|Any CPU.ActiveCfg = Release|Any CPU
		{186B9B52-6647-4972-8B07-1F5CB689AA28}.Release|Any CPU.Build.0 = Release|Any CPU
	EndGlobalSection
	GlobalSection(SolutionProperties) = preSolution
		HideSolutionNode = FALSE
	EndGlobalSection
	GlobalSection(ExtensibilityGlobals) = postSolution
		SolutionGuid = {9C8B8097-0E79-492C-BFBD-EAF1C3F8B819}
	EndGlobalSection
EndGlobal
